
Microsoft Visual Studio Solution File, Format Version 12.00
# Visual Studio Version 16
VisualStudioVersion = 16.0.29318.209
MinimumVisualStudioVersion = 10.0.40219.1
Project("{9A19103F-16F7-4668-BE54-9A1E7A4F7556}") = "PostgreSQLCopyHelper", "PostgreSQLCopyHelper\PostgreSQLCopyHelper.csproj", "{055420D5-85B9-499A-A5C9-022B37529214}"
EndProject
Project("{9A19103F-16F7-4668-BE54-9A1E7A4F7556}") = "PostgreSQLCopyHelper.Test", "PostgreSQLCopyHelper.Test\PostgreSQLCopyHelper.Test.csproj", "{AF0280FB-3E4A-4145-8E66-0406164ACB2D}"
EndProject
Project("{2150E333-8FDC-42A3-9474-1A3956D46DE8}") = "Solution Items", "Solution Items", "{93689B61-61CA-4B83-97AC-3B23F0853BFE}"
	ProjectSection(SolutionItems) = preProject
		..\Directory.Build.props = ..\Directory.Build.props
		..\Directory.Build.targets = ..\Directory.Build.targets
		NuGet.config = NuGet.config
	EndProjectSection
EndProject
Project("{FAE04EC0-301F-11D3-BF4B-00C04F79EFBC}") = "PostgreSQLCopyHelper.NodaTime", "PostgreSQLCopyHelper.NodaTime\PostgreSQLCopyHelper.NodaTime.csproj", "{FAF5C9E5-4606-44F4-8BF3-459F1E286CCF}"
EndProject
Project("{9A19103F-16F7-4668-BE54-9A1E7A4F7556}") = "PostgreSQLCopyHelper.NodaTime.Test", "PostgreSQLCopyHelper.NodaTime.Test\PostgreSQLCopyHelper.NodaTime.Test.csproj", "{5CE605F3-CB6E-4EC3-8190-6805462563D9}"
EndProject
Global
	GlobalSection(SolutionConfigurationPlatforms) = preSolution
		Debug|Any CPU = Debug|Any CPU
		Debug|x64 = Debug|x64
		Release|Any CPU = Release|Any CPU
		Release|x64 = Release|x64
	EndGlobalSection
	GlobalSection(ProjectConfigurationPlatforms) = postSolution
		{055420D5-85B9-499A-A5C9-022B37529214}.Debug|Any CPU.ActiveCfg = Debug|Any CPU
		{055420D5-85B9-499A-A5C9-022B37529214}.Debug|Any CPU.Build.0 = Debug|Any CPU
		{055420D5-85B9-499A-A5C9-022B37529214}.Debug|x64.ActiveCfg = Debug|Any CPU
		{055420D5-85B9-499A-A5C9-022B37529214}.Debug|x64.Build.0 = Debug|Any CPU
		{055420D5-85B9-499A-A5C9-022B37529214}.Release|Any CPU.ActiveCfg = Release|Any CPU
		{055420D5-85B9-499A-A5C9-022B37529214}.Release|Any CPU.Build.0 = Release|Any CPU
		{055420D5-85B9-499A-A5C9-022B37529214}.Release|x64.ActiveCfg = Release|Any CPU
		{055420D5-85B9-499A-A5C9-022B37529214}.Release|x64.Build.0 = Release|Any CPU
		{AF0280FB-3E4A-4145-8E66-0406164ACB2D}.Debug|Any CPU.ActiveCfg = Debug|Any CPU
		{AF0280FB-3E4A-4145-8E66-0406164ACB2D}.Debug|Any CPU.Build.0 = Debug|Any CPU
		{AF0280FB-3E4A-4145-8E66-0406164ACB2D}.Debug|x64.ActiveCfg = Debug|Any CPU
		{AF0280FB-3E4A-4145-8E66-0406164ACB2D}.Debug|x64.Build.0 = Debug|Any CPU
		{AF0280FB-3E4A-4145-8E66-0406164ACB2D}.Release|Any CPU.ActiveCfg = Release|Any CPU
		{AF0280FB-3E4A-4145-8E66-0406164ACB2D}.Release|Any CPU.Build.0 = Release|Any CPU
		{AF0280FB-3E4A-4145-8E66-0406164ACB2D}.Release|x64.ActiveCfg = Release|Any CPU
		{AF0280FB-3E4A-4145-8E66-0406164ACB2D}.Release|x64.Build.0 = Release|Any CPU
		{FAF5C9E5-4606-44F4-8BF3-459F1E286CCF}.Debug|Any CPU.ActiveCfg = Debug|Any CPU
		{FAF5C9E5-4606-44F4-8BF3-459F1E286CCF}.Debug|Any CPU.Build.0 = Debug|Any CPU
		{FAF5C9E5-4606-44F4-8BF3-459F1E286CCF}.Debug|x64.ActiveCfg = Debug|Any CPU
		{FAF5C9E5-4606-44F4-8BF3-459F1E286CCF}.Debug|x64.Build.0 = Debug|Any CPU
		{FAF5C9E5-4606-44F4-8BF3-459F1E286CCF}.Release|Any CPU.ActiveCfg = Release|Any CPU
		{FAF5C9E5-4606-44F4-8BF3-459F1E286CCF}.Release|Any CPU.Build.0 = Release|Any CPU
		{FAF5C9E5-4606-44F4-8BF3-459F1E286CCF}.Release|x64.ActiveCfg = Release|Any CPU
		{FAF5C9E5-4606-44F4-8BF3-459F1E286CCF}.Release|x64.Build.0 = Release|Any CPU
		{5CE605F3-CB6E-4EC3-8190-6805462563D9}.Debug|Any CPU.ActiveCfg = Debug|Any CPU
		{5CE605F3-CB6E-4EC3-8190-6805462563D9}.Debug|Any CPU.Build.0 = Debug|Any CPU
		{5CE605F3-CB6E-4EC3-8190-6805462563D9}.Debug|x64.ActiveCfg = Debug|Any CPU
		{5CE605F3-CB6E-4EC3-8190-6805462563D9}.Debug|x64.Build.0 = Debug|Any CPU
		{5CE605F3-CB6E-4EC3-8190-6805462563D9}.Release|Any CPU.ActiveCfg = Release|Any CPU
		{5CE605F3-CB6E-4EC3-8190-6805462563D9}.Release|Any CPU.Build.0 = Release|Any CPU
		{5CE605F3-CB6E-4EC3-8190-6805462563D9}.Release|x64.ActiveCfg = Release|Any CPU
		{5CE605F3-CB6E-4EC3-8190-6805462563D9}.Release|x64.Build.0 = Release|Any CPU
	EndGlobalSection
	GlobalSection(SolutionProperties) = preSolution
		HideSolutionNode = FALSE
	EndGlobalSection
	GlobalSection(ExtensibilityGlobals) = postSolution
		SolutionGuid = {350796BD-3351-475A-B519-67ADDB30D1E9}
	EndGlobalSection
EndGlobal
